// !$*UTF8*$!
{
	archiveVersion = 1;
	classes = {
	};
	objectVersion = 55;
	objects = {

/* Begin PBXBuildFile section */
		3D0D8302294FEE09000DF2AE /* practiceApp.swift in Sources */ = {isa = PBXBuildFile; fileRef = 3D0D8301294FEE09000DF2AE /* practiceApp.swift */; };
		3D0D8304294FEE09000DF2AE /* ContentView.swift in Sources */ = {isa = PBXBuildFile; fileRef = 3D0D8303294FEE09000DF2AE /* ContentView.swift */; };
		3D0D8306294FEE09000DF2AE /* Assets.xcassets in Resources */ = {isa = PBXBuildFile; fileRef = 3D0D8305294FEE09000DF2AE /* Assets.xcassets */; };
		3D0D8309294FEE09000DF2AE /* Preview Assets.xcassets in Resources */ = {isa = PBXBuildFile; fileRef = 3D0D8308294FEE09000DF2AE /* Preview Assets.xcassets */; };
		3D0D8310294FEE5B000DF2AE /* CircleDemo.swift in Sources */ = {isa = PBXBuildFile; fileRef = 3D0D830F294FEE5B000DF2AE /* CircleDemo.swift */; };
		3D0D8312294FEF59000DF2AE /* MapView.swift in Sources */ = {isa = PBXBuildFile; fileRef = 3D0D8311294FEF59000DF2AE /* MapView.swift */; };
		3D0D832429502A0C000DF2AE /* LandMark.swift in Sources */ = {isa = PBXBuildFile; fileRef = 3D0D832329502A0C000DF2AE /* LandMark.swift */; };
		3D0D832729502A3A000DF2AE /* ModelData.swift in Sources */ = {isa = PBXBuildFile; fileRef = 3D0D832629502A3A000DF2AE /* ModelData.swift */; };
		3D0D8332295039F0000DF2AE /* LandMarkRow.swift in Sources */ = {isa = PBXBuildFile; fileRef = 3D0D8331295039F0000DF2AE /* LandMarkRow.swift */; };
		3D0D83342950434B000DF2AE /* Reso in Resources */ = {isa = PBXBuildFile; fileRef = 3D0D83332950434B000DF2AE /* Reso */; };
		3D0D83382950A655000DF2AE /* LandMarkList.swift in Sources */ = {isa = PBXBuildFile; fileRef = 3D0D83372950A655000DF2AE /* LandMarkList.swift */; };
		3DB9F3592950AE9000CE1DBB /* LandMarkDetail.swift in Sources */ = {isa = PBXBuildFile; fileRef = 3DB9F3582950AE9000CE1DBB /* LandMarkDetail.swift */; };
/* End PBXBuildFile section */

/* Begin PBXFileReference section */
		3D0D82FE294FEE09000DF2AE /* practice.app */ = {isa = PBXFileReference; explicitFileType = wrapper.application; includeInIndex = 0; path = practice.app; sourceTree = BUILT_PRODUCTS_DIR; };
		3D0D8301294FEE09000DF2AE /* practiceApp.swift */ = {isa = PBXFileReference; lastKnownFileType = sourcecode.swift; path = practiceApp.swift; sourceTree = "<group>"; };
		3D0D8303294FEE09000DF2AE /* ContentView.swift */ = {isa = PBXFileReference; lastKnownFileType = sourcecode.swift; path = ContentView.swift; sourceTree = "<group>"; };
		3D0D8305294FEE09000DF2AE /* Assets.xcassets */ = {isa = PBXFileReference; lastKnownFileType = folder.assetcatalog; path = Assets.xcassets; sourceTree = "<group>"; };
		3D0D8308294FEE09000DF2AE /* Preview Assets.xcassets */ = {isa = PBXFileReference; lastKnownFileType = folder.assetcatalog; path = "Preview Assets.xcassets"; sourceTree = "<group>"; };
		3D0D830F294FEE5B000DF2AE /* CircleDemo.swift */ = {isa = PBXFileReference; lastKnownFileType = sourcecode.swift; path = CircleDemo.swift; sourceTree = "<group>"; };
		3D0D8311294FEF59000DF2AE /* MapView.swift */ = {isa = PBXFileReference; lastKnownFileType = sourcecode.swift; path = MapView.swift; sourceTree = "<group>"; };
		3D0D832329502A0C000DF2AE /* LandMark.swift */ = {isa = PBXFileReference; lastKnownFileType = sourcecode.swift; path = LandMark.swift; sourceTree = "<group>"; };
		3D0D832629502A3A000DF2AE /* ModelData.swift */ = {isa = PBXFileReference; lastKnownFileType = sourcecode.swift; path = ModelData.swift; sourceTree = "<group>"; };
		3D0D8331295039F0000DF2AE /* LandMarkRow.swift */ = {isa = PBXFileReference; fileEncoding = 4; lastKnownFileType = sourcecode.swift; path = LandMarkRow.swift; sourceTree = "<group>"; };
		3D0D83332950434B000DF2AE /* Reso */ = {isa = PBXFileReference; lastKnownFileType = folder; path = Reso; sourceTree = "<group>"; };
		3D0D83372950A655000DF2AE /* LandMarkList.swift */ = {isa = PBXFileReference; lastKnownFileType = sourcecode.swift; path = LandMarkList.swift; sourceTree = "<group>"; };
		3DB9F3582950AE9000CE1DBB /* LandMarkDetail.swift */ = {isa = PBXFileReference; lastKnownFileType = sourcecode.swift; path = LandMarkDetail.swift; sourceTree = "<group>"; };
/* End PBXFileReference section */

/* Begin PBXFrameworksBuildPhase section */
		3D0D82FB294FEE09000DF2AE /* Frameworks */ = {
			isa = PBXFrameworksBuildPhase;
			buildActionMask = 2147483647;
			files = (
			);
			runOnlyForDeploymentPostprocessing = 0;
		};
/* End PBXFrameworksBuildPhase section */

/* Begin PBXGroup section */
		3D0D82F5294FEE09000DF2AE = {
			isa = PBXGroup;
			children = (
				3D0D8300294FEE09000DF2AE /* practice */,
				3D0D82FF294FEE09000DF2AE /* Products */,
			);
			sourceTree = "<group>";
		};
		3D0D82FF294FEE09000DF2AE /* Products */ = {
			isa = PBXGroup;
			children = (
				3D0D82FE294FEE09000DF2AE /* practice.app */,
			);
			name = Products;
			sourceTree = "<group>";
		};
		3D0D8300294FEE09000DF2AE /* practice */ = {
			isa = PBXGroup;
			children = (
				3D0D8301294FEE09000DF2AE /* practiceApp.swift */,
				3D0D8305294FEE09000DF2AE /* Assets.xcassets */,
				3D0D8331295039F0000DF2AE /* LandMarkRow.swift */,
				3D0D8307294FEE09000DF2AE /* Preview Content */,
				3D0D832C29503745000DF2AE /* View */,
				3D0D832529502A21000DF2AE /* Model */,
			);
			path = practice;
			sourceTree = "<group>";
		};
		3D0D8307294FEE09000DF2AE /* Preview Content */ = {
			isa = PBXGroup;
			children = (
				3D0D8308294FEE09000DF2AE /* Preview Assets.xcassets */,
			);
			path = "Preview Content";
			sourceTree = "<group>";
		};
		3D0D832529502A21000DF2AE /* Model */ = {
			isa = PBXGroup;
			children = (
				3D0D832329502A0C000DF2AE /* LandMark.swift */,
				3D0D832629502A3A000DF2AE /* ModelData.swift */,
				3D0D83332950434B000DF2AE /* Reso */,
			);
			path = Model;
			sourceTree = "<group>";
		};
		3D0D832C29503745000DF2AE /* View */ = {
			isa = PBXGroup;
			children = (
				3D0D8303294FEE09000DF2AE /* ContentView.swift */,
				3D0D830F294FEE5B000DF2AE /* CircleDemo.swift */,
				3D0D8311294FEF59000DF2AE /* MapView.swift */,
				3D0D83372950A655000DF2AE /* LandMarkList.swift */,
				3DB9F3582950AE9000CE1DBB /* LandMarkDetail.swift */,
			);
			path = View;
			sourceTree = "<group>";
		};
/* End PBXGroup section */

/* Begin PBXNativeTarget section */
		3D0D82FD294FEE09000DF2AE /* practice */ = {
			isa = PBXNativeTarget;
			buildConfigurationList = 3D0D830C294FEE09000DF2AE /* Build configuration list for PBXNativeTarget "practice" */;
			buildPhases = (
				3D0D82FA294FEE09000DF2AE /* Sources */,
				3D0D82FB294FEE09000DF2AE /* Frameworks */,
				3D0D82FC294FEE09000DF2AE /* Resources */,
			);
			buildRules = (
			);
			dependencies = (
			);
			name = practice;
			productName = practice;
			productReference = 3D0D82FE294FEE09000DF2AE /* practice.app */;
			productType = "com.apple.product-type.application";
		};
/* End PBXNativeTarget section */

/* Begin PBXProject section */
		3D0D82F6294FEE09000DF2AE /* Project object */ = {
			isa = PBXProject;
			attributes = {
				BuildIndependentTargetsInParallel = 1;
				LastSwiftUpdateCheck = 1340;
				LastUpgradeCheck = 1340;
				TargetAttributes = {
					3D0D82FD294FEE09000DF2AE = {
						CreatedOnToolsVersion = 13.4.1;
					};
				};
			};
			buildConfigurationList = 3D0D82F9294FEE09000DF2AE /* Build configuration list for PBXProject "practice" */;
			compatibilityVersion = "Xcode 13.0";
			developmentRegion = en;
			hasScannedForEncodings = 0;
			knownRegions = (
				en,
				Base,
			);
			mainGroup = 3D0D82F5294FEE09000DF2AE;
			productRefGroup = 3D0D82FF294FEE09000DF2AE /* Products */;
			projectDirPath = "";
			projectRoot = "";
			targets = (
				3D0D82FD294FEE09000DF2AE /* practice */,
			);
		};
/* End PBXProject section */

/* Begin PBXResourcesBuildPhase section */
		3D0D82FC294FEE09000DF2AE /* Resources */ = {
			isa = PBXResourcesBuildPhase;
			buildActionMask = 2147483647;
			files = (
				3D0D83342950434B000DF2AE /* Reso in Resources */,
				3D0D8309294FEE09000DF2AE /* Preview Assets.xcassets in Resources */,
				3D0D8306294FEE09000DF2AE /* Assets.xcassets in Resources */,
			);
			runOnlyForDeploymentPostprocessing = 0;
		};
/* End PBXResourcesBuildPhase section */

/* Begin PBXSourcesBuildPhase section */
		3D0D82FA294FEE09000DF2AE /* Sources */ = {
			isa = PBXSourcesBuildPhase;
			buildActionMask = 2147483647;
			files = (
				3D0D8310294FEE5B000DF2AE /* CircleDemo.swift in Sources */,
				3D0D8332295039F0000DF2AE /* LandMarkRow.swift in Sources */,
				3D0D832429502A0C000DF2AE /* LandMark.swift in Sources */,
				3D0D83382950A655000DF2AE /* LandMarkList.swift in Sources */,
				3DB9F3592950AE9000CE1DBB /* LandMarkDetail.swift in Sources */,
				3D0D8312294FEF59000DF2AE /* MapView.swift in Sources */,
				3D0D8304294FEE09000DF2AE /* ContentView.swift in Sources */,
				3D0D8302294FEE09000DF2AE /* practiceApp.swift in Sources */,
				3D0D832729502A3A000DF2AE /* ModelData.swift in Sources */,
			);
			runOnlyForDeploymentPostprocessing = 0;
		};
/* End PBXSourcesBuildPhase section */

/* Begin XCBuildConfiguration section */
		3D0D830A294FEE09000DF2AE /* Debug */ = {
			isa = XCBuildConfiguration;
			buildSettings = {
				ALWAYS_SEARCH_USER_PATHS = NO;
				CLANG_ANALYZER_NONNULL = YES;
				CLANG_ANALYZER_NUMBER_OBJECT_CONVERSION = YES_AGGRESSIVE;
				CLANG_CXX_LANGUAGE_STANDARD = "gnu++17";
				CLANG_ENABLE_MODULES = YES;
				CLANG_ENABLE_OBJC_ARC = YES;
				CLANG_ENABLE_OBJC_WEAK = YES;
				CLANG_WARN_BLOCK_CAPTURE_AUTORELEASING = YES;
				CLANG_WARN_BOOL_CONVERSION = YES;
				CLANG_WARN_COMMA = YES;
				CLANG_WARN_CONSTANT_CONVERSION = YES;
				CLANG_WARN_DEPRECATED_OBJC_IMPLEMENTATIONS = YES;
				CLANG_WARN_DIRECT_OBJC_ISA_USAGE = YES_ERROR;
				CLANG_WARN_DOCUMENTATION_COMMENTS = YES;
				CLANG_WARN_EMPTY_BODY = YES;
				CLANG_WARN_ENUM_CONVERSION = YES;
				CLANG_WARN_INFINITE_RECURSION = YES;
				CLANG_WARN_INT_CONVERSION = YES;
				CLANG_WARN_NON_LITERAL_NULL_CONVERSION = YES;
				CLANG_WARN_OBJC_IMPLICIT_RETAIN_SELF = YES;
				CLANG_WARN_OBJC_LITERAL_CONVERSION = YES;
				CLANG_WARN_OBJC_ROOT_CLASS = YES_ERROR;
				CLANG_WARN_QUOTED_INCLUDE_IN_FRAMEWORK_HEADER = YES;
				CLANG_WARN_RANGE_LOOP_ANALYSIS = YES;
				CLANG_WARN_STRICT_PROTOTYPES = YES;
				CLANG_WARN_SUSPICIOUS_MOVE = YES;
				CLANG_WARN_UNGUARDED_AVAILABILITY = YES_AGGRESSIVE;
				CLANG_WARN_UNREACHABLE_CODE = YES;
				CLANG_WARN__DUPLICATE_METHOD_MATCH = YES;
				COPY_PHASE_STRIP = NO;
				DEBUG_INFORMATION_FORMAT = dwarf;
				ENABLE_STRICT_OBJC_MSGSEND = YES;
				ENABLE_TESTABILITY = YES;
				GCC_C_LANGUAGE_STANDARD = gnu11;
				GCC_DYNAMIC_NO_PIC = NO;
				GCC_NO_COMMON_BLOCKS = YES;
				GCC_OPTIMIZATION_LEVEL = 0;
				GCC_PREPROCESSOR_DEFINITIONS = (
					"DEBUG=1",
					"$(inherited)",
				);
				GCC_WARN_64_TO_32_BIT_CONVERSION = YES;
				GCC_WARN_ABOUT_RETURN_TYPE = YES_ERROR;
				GCC_WARN_UNDECLARED_SELECTOR = YES;
				GCC_WARN_UNINITIALIZED_AUTOS = YES_AGGRESSIVE;
				GCC_WARN_UNUSED_FUNCTION = YES;
				GCC_WARN_UNUSED_VARIABLE = YES;
				IPHONEOS_DEPLOYMENT_TARGET = 15.5;
				MTL_ENABLE_DEBUG_INFO = INCLUDE_SOURCE;
				MTL_FAST_MATH = YES;
				ONLY_ACTIVE_ARCH = YES;
				SDKROOT = iphoneos;
				SWIFT_ACTIVE_COMPILATION_CONDITIONS = DEBUG;
				SWIFT_OPTIMIZATION_LEVEL = "-Onone";
			};
			name = Debug;
		};
		3D0D830B294FEE09000DF2AE /* Release */ = {
			isa = XCBuildConfiguration;
			buildSettings = {
				ALWAYS_SEARCH_USER_PATHS = NO;
				CLANG_ANALYZER_NONNULL = YES;
				CLANG_ANALYZER_NUMBER_OBJECT_CONVERSION = YES_AGGRESSIVE;
				CLANG_CXX_LANGUAGE_STANDARD = "gnu++17";
				CLANG_ENABLE_MODULES = YES;
				CLANG_ENABLE_OBJC_ARC = YES;
				CLANG_ENABLE_OBJC_WEAK = YES;
				CLANG_WARN_BLOCK_CAPTURE_AUTORELEASING = YES;
				CLANG_WARN_BOOL_CONVERSION = YES;
				CLANG_WARN_COMMA = YES;
				CLANG_WARN_CONSTANT_CONVERSION = YES;
				CLANG_WARN_DEPRECATED_OBJC_IMPLEMENTATIONS = YES;
				CLANG_WARN_DIRECT_OBJC_ISA_USAGE = YES_ERROR;
				CLANG_WARN_DOCUMENTATION_COMMENTS = YES;
				CLANG_WARN_EMPTY_BODY = YES;
				CLANG_WARN_ENUM_CONVERSION = YES;
				CLANG_WARN_INFINITE_RECURSION = YES;
				CLANG_WARN_INT_CONVERSION = YES;
				CLANG_WARN_NON_LITERAL_NULL_CONVERSION = YES;
				CLANG_WARN_OBJC_IMPLICIT_RETAIN_SELF = YES;
				CLANG_WARN_OBJC_LITERAL_CONVERSION = YES;
				CLANG_WARN_OBJC_ROOT_CLASS = YES_ERROR;
				CLANG_WARN_QUOTED_INCLUDE_IN_FRAMEWORK_HEADER = YES;
				CLANG_WARN_RANGE_LOOP_ANALYSIS = YES;
				CLANG_WARN_STRICT_PROTOTYPES = YES;
				CLANG_WARN_SUSPICIOUS_MOVE = YES;
				CLANG_WARN_UNGUARDED_AVAILABILITY = YES_AGGRESSIVE;
				CLANG_WARN_UNREACHABLE_CODE = YES;
				CLANG_WARN__DUPLICATE_METHOD_MATCH = YES;
				COPY_PHASE_STRIP = NO;
				DEBUG_INFORMATION_FORMAT = "dwarf-with-dsym";
				ENABLE_NS_ASSERTIONS = NO;
				ENABLE_STRICT_OBJC_MSGSEND = YES;
				GCC_C_LANGUAGE_STANDARD = gnu11;
				GCC_NO_COMMON_BLOCKS = YES;
				GCC_WARN_64_TO_32_BIT_CONVERSION = YES;
				GCC_WARN_ABOUT_RETURN_TYPE = YES_ERROR;
				GCC_WARN_UNDECLARED_SELECTOR = YES;
				GCC_WARN_UNINITIALIZED_AUTOS = YES_AGGRESSIVE;
				GCC_WARN_UNUSED_FUNCTION = YES;
				GCC_WARN_UNUSED_VARIABLE = YES;
				IPHONEOS_DEPLOYMENT_TARGET = 15.5;
				MTL_ENABLE_DEBUG_INFO = NO;
				MTL_FAST_MATH = YES;
				SDKROOT = iphoneos;
				SWIFT_COMPILATION_MODE = wholemodule;
				SWIFT_OPTIMIZATION_LEVEL = "-O";
				VALIDATE_PRODUCT = YES;
			};
			name = Release;
		};
		3D0D830D294FEE09000DF2AE /* Debug */ = {
			isa = XCBuildConfiguration;
			buildSettings = {
				ASSETCATALOG_COMPILER_APPICON_NAME = AppIcon;
				ASSETCATALOG_COMPILER_GLOBAL_ACCENT_COLOR_NAME = AccentColor;
				CODE_SIGN_STYLE = Automatic;
				CURRENT_PROJECT_VERSION = 1;
				DEVELOPMENT_ASSET_PATHS = "\"practice/Preview Content\"";
				DEVELOPMENT_TEAM = 6WZYJKR3V9;
				ENABLE_PREVIEWS = YES;
				GENERATE_INFOPLIST_FILE = YES;
				INFOPLIST_KEY_UIApplicationSceneManifest_Generation = YES;
				INFOPLIST_KEY_UIApplicationSupportsIndirectInputEvents = YES;
				INFOPLIST_KEY_UILaunchScreen_Generation = YES;
				INFOPLIST_KEY_UISupportedInterfaceOrientations_iPad = "UIInterfaceOrientationPortrait UIInterfaceOrientationPortraitUpsideDown UIInterfaceOrientationLandscapeLeft UIInterfaceOrientationLandscapeRight";
				INFOPLIST_KEY_UISupportedInterfaceOrientations_iPhone = "UIInterfaceOrientationPortrait UIInterfaceOrientationLandscapeLeft UIInterfaceOrientationLandscapeRight";
				LD_RUNPATH_SEARCH_PATHS = (
					"$(inherited)",
					"@executable_path/Frameworks",
				);
				MARKETING_VERSION = 1.0;
				PRODUCT_BUNDLE_IDENTIFIER = com.KHcoding.practice;
				PRODUCT_NAME = "$(TARGET_NAME)";
				SWIFT_EMIT_LOC_STRINGS = YES;
				SWIFT_VERSION = 5.0;
				TARGETED_DEVICE_FAMILY = "1,2";
			};
			name = Debug;
		};
		3D0D830E294FEE09000DF2AE /* Release */ = {
			isa = XCBuildConfiguration;
			buildSettings = {
				ASSETCATALOG_COMPILER_APPICON_NAME = AppIcon;
				ASSETCATALOG_COMPILER_GLOBAL_ACCENT_COLOR_NAME = AccentColor;
				CODE_SIGN_STYLE = Automatic;
				CURRENT_PROJECT_VERSION = 1;
				DEVELOPMENT_ASSET_PATHS = "\"practice/Preview Content\"";
				DEVELOPMENT_TEAM = 6WZYJKR3V9;
				ENABLE_PREVIEWS = YES;
				GENERATE_INFOPLIST_FILE = YES;
				INFOPLIST_KEY_UIApplicationSceneManifest_Generation = YES;
				INFOPLIST_KEY_UIApplicationSupportsIndirectInputEvents = YES;
				INFOPLIST_KEY_UILaunchScreen_Generation = YES;
				INFOPLIST_KEY_UISupportedInterfaceOrientations_iPad = "UIInterfaceOrientationPortrait UIInterfaceOrientationPortraitUpsideDown UIInterfaceOrientationLandscapeLeft UIInterfaceOrientationLandscapeRight";
				INFOPLIST_KEY_UISupportedInterfaceOrientations_iPhone = "UIInterfaceOrientationPortrait UIInterfaceOrientationLandscapeLeft UIInterfaceOrientationLandscapeRight";
				LD_RUNPATH_SEARCH_PATHS = (
					"$(inherited)",
					"@executable_path/Frameworks",
				);
				MARKETING_VERSION = 1.0;
				PRODUCT_BUNDLE_IDENTIFIER = com.KHcoding.practice;
				PRODUCT_NAME = "$(TARGET_NAME)";
				SWIFT_EMIT_LOC_STRINGS = YES;
				SWIFT_VERSION = 5.0;
				TARGETED_DEVICE_FAMILY = "1,2";
			};
			name = Release;
		};
/* End XCBuildConfiguration section */

/* Begin XCConfigurationList section */
		3D0D82F9294FEE09000DF2AE /* Build configuration list for PBXProject "practice" */ = {
			isa = XCConfigurationList;
			buildConfigurations = (
				3D0D830A294FEE09000DF2AE /* Debug */,
				3D0D830B294FEE09000DF2AE /* Release */,
			);
			defaultConfigurationIsVisible = 0;
			defaultConfigurationName = Release;
		};
		3D0D830C294FEE09000DF2AE /* Build configuration list for PBXNativeTarget "practice" */ = {
			isa = XCConfigurationList;
			buildConfigurations = (
				3D0D830D294FEE09000DF2AE /* Debug */,
				3D0D830E294FEE09000DF2AE /* Release */,
			);
			defaultConfigurationIsVisible = 0;
			defaultConfigurationName = Release;
		};
/* End XCConfigurationList section */
	};
	rootObject = 3D0D82F6294FEE09000DF2AE /* Project object */;
}
